{
  "requires": true,
  "lockfileVersion": 1,
  "dependencies": {
    "@types/node": {
      "version": "12.12.5",
      "resolved": "https://registry.npmjs.org/@types/node/-/node-12.12.5.tgz",
      "integrity": "sha512-KEjODidV4XYUlJBF3XdjSH5FWoMCtO0utnhtdLf1AgeuZLOrRbvmU/gaRCVg7ZaQDjVf3l84egiY0mRNe5xE4A=="
    },
    "ansi-styles": {
      "version": "4.3.0",
      "resolved": "https://registry.npm.taobao.org/ansi-styles/download/ansi-styles-4.3.0.tgz?cache=0&sync_timestamp=1606792369066&other_urls=https%3A%2F%2Fregistry.npm.taobao.org%2Fansi-styles%2Fdownload%2Fansi-styles-4.3.0.tgz",
      "integrity": "sha1-7dgDYornHATIWuegkG7a00tkiTc=",
      "requires": {
        "color-convert": "^2.0.1"
      }
    },
    "axios": {
      "version": "0.21.1",
      "resolved": "https://registry.npm.taobao.org/axios/download/axios-0.21.1.tgz?cache=0&sync_timestamp=1608609215811&other_urls=https%3A%2F%2Fregistry.npm.taobao.org%2Faxios%2Fdownload%2Faxios-0.21.1.tgz",
      "integrity": "sha1-IlY0gZYvTWvemnbVFu8OXTwJsrg=",
      "requires": {
        "follow-redirects": "^1.10.0"
      }
    },
    "chalk": {
      "version": "4.1.0",
      "resolved": "https://registry.npm.taobao.org/chalk/download/chalk-4.1.0.tgz",
      "integrity": "sha1-ThSHCmGNni7dl92DRf2dncMVZGo=",
      "requires": {
        "ansi-styles": "^4.1.0",
        "supports-color": "^7.1.0"
      }
    },
    "color-convert": {
      "version": "2.0.1",
      "resolved": "https://registry.npm.taobao.org/color-convert/download/color-convert-2.0.1.tgz",
      "integrity": "sha1-ctOmjVmMm9s68q0ehPIdiWq9TeM=",
      "requires": {
        "color-name": "~1.1.4"
      }
    },
    "color-name": {
      "version": "1.1.4",
      "resolved": "https://registry.npm.taobao.org/color-name/download/color-name-1.1.4.tgz",
      "integrity": "sha1-wqCah6y95pVD3m9j+jmVyCbFNqI="
    },
    "follow-redirects": {
      "version": "1.13.1",
      "resolved": "https://registry.npm.taobao.org/follow-redirects/download/follow-redirects-1.13.1.tgz?cache=0&sync_timestamp=1607916886138&other_urls=https%3A%2F%2Fregistry.npm.taobao.org%2Ffollow-redirects%2Fdownload%2Ffollow-redirects-1.13.1.tgz",
      "integrity": "sha1-X2m4Ezds7k/QR0o6uoNd8Eq3Y7c="
    },
    "has-flag": {
      "version": "4.0.0",
      "resolved": "https://registry.npm.taobao.org/has-flag/download/has-flag-4.0.0.tgz",
      "integrity": "sha1-lEdx/ZyByBJlxNaUGGDaBrtZR5s="
    },
    "supports-color": {
      "version": "7.2.0",
      "resolved": "https://registry.npm.taobao.org/supports-color/download/supports-color-7.2.0.tgz?cache=0&sync_timestamp=1608033330722&other_urls=https%3A%2F%2Fregistry.npm.taobao.org%2Fsupports-color%2Fdownload%2Fsupports-color-7.2.0.tgz",
      "integrity": "sha1-G33NyzK4E4gBs+R4umpRyqiWSNo=",
      "requires": {
        "has-flag": "^4.0.0"
      }
    }
  }
}
