{
  "requires": true,
  "lockfileVersion": 1,
  "dependencies": {
    "@types/node": {
      "version": "12.12.5",
      "resolved": "https://registry.npmjs.org/@types/node/-/node-12.12.5.tgz",
      "integrity": "sha512-KEjODidV4XYUlJBF3XdjSH5FWoMCtO0utnhtdLf1AgeuZLOrRbvmU/gaRCVg7ZaQDjVf3l84egiY0mRNe5xE4A=="
    },
    "axios": {
      "version": "0.21.1",
      "resolved": "https://registry.npm.taobao.org/axios/download/axios-0.21.1.tgz?cache=0&sync_timestamp=1608609215811&other_urls=https%3A%2F%2Fregistry.npm.taobao.org%2Faxios%2Fdownload%2Faxios-0.21.1.tgz",
      "integrity": "sha1-IlY0gZYvTWvemnbVFu8OXTwJsrg=",
      "requires": {
        "follow-redirects": "^1.10.0"
      }
    },
    "follow-redirects": {
      "version": "1.13.1",
      "resolved": "https://registry.npm.taobao.org/follow-redirects/download/follow-redirects-1.13.1.tgz?cache=0&sync_timestamp=1607916886138&other_urls=https%3A%2F%2Fregistry.npm.taobao.org%2Ffollow-redirects%2Fdownload%2Ffollow-redirects-1.13.1.tgz",
      "integrity": "sha1-X2m4Ezds7k/QR0o6uoNd8Eq3Y7c="
    }
  }
}
